
Microsoft Visual Studio Solution File, Format Version 12.00
# Visual Studio Version 17
VisualStudioVersion = 17.4.33122.133
MinimumVisualStudioVersion = 10.0.40219.1
Project("{FAE04EC0-301F-11D3-BF4B-00C04F79EFBC}") = "Keylogger", "Keylogger.csproj", "{E197BC53-4520-474E-ACBB-20D6F465D8DA}"
EndProject
Global
	GlobalSection(SolutionConfigurationPlatforms) = preSolution
		Debug|Any CPU = Debug|Any CPU
		Release|Any CPU = Release|Any CPU
	EndGlobalSection
	GlobalSection(ProjectConfigurationPlatforms) = postSolution
		{E197BC53-4520-474E-ACBB-20D6F465D8DA}.Debug|Any CPU.ActiveCfg = Debug|Any CPU
		{E197BC53-4520-474E-ACBB-20D6F465D8DA}.Debug|Any CPU.Build.0 = Debug|Any CPU
		{E197BC53-4520-474E-ACBB-20D6F465D8DA}.Release|Any CPU.ActiveCfg = Release|Any CPU
		{E197BC53-4520-474E-ACBB-20D6F465D8DA}.Release|Any CPU.Build.0 = Release|Any CPU
	EndGlobalSection
	GlobalSection(SolutionProperties) = preSolution
		HideSolutionNode = FALSE
	EndGlobalSection
	GlobalSection(ExtensibilityGlobals) = postSolution
		SolutionGuid = {09498B6F-76CC-4D12-8526-D43EC4CAE4F8}
	EndGlobalSection
EndGlobal
